{
  "name": "build-table",
  "version": "1.0.0",
  "lockfileVersion": 1,
  "dependencies": {
    "@types/node": {
      "version": "6.0.103",
      "resolved": "https://registry.npmjs.org/@types/node/-/node-6.0.103.tgz",
      "integrity": "sha512-EHU5B9OlENiGEziLiC2XjhjBoVTiX6s4JwZrMHkLQzrzOA0bfZKfcT3fZaalgujcrs2O97VgKaxqguwV+12UJQ==",
      "dev": true
    },
    "@types/q": {
      "version": "0.0.32",
      "resolved": "https://registry.npmjs.org/@types/q/-/q-0.0.32.tgz",
      "integrity": "sha1-vShOV8hPEyXacCur/IKlMoGQwMU=",
      "dev": true
    }
  }
}
